<?xml version="1.0" encoding="utf-8"?>
<Project ToolsVersion="4.0" xmlns="http://schemas.microsoft.com/developer/msbuild/2003">
  <ItemGroup>
    <Filter Include="DK">
      <UniqueIdentifier>{54735900-40FF-870B-A9AD-880B9558880B}</UniqueIdentifier>
    </Filter>
    <Filter Include="DK\Events">
      <UniqueIdentifier>{807e460d-8306-4fa6-bac2-8125ca4693e0}</UniqueIdentifier>
    </Filter>
  </ItemGroup>
  <ItemGroup>
    <ClInclude Include="src\DK.h" />
    <ClInclude Include="src\DK\Application.h">
      <Filter>DK</Filter>
    </ClInclude>
    <ClInclude Include="src\DK\Core.h">
      <Filter>DK</Filter>
    </ClInclude>
    <ClInclude Include="src\DK\EntryPoint.h">
      <Filter>DK</Filter>
    </ClInclude>
    <ClInclude Include="src\DK\Log.h">
      <Filter>DK</Filter>
    </ClInclude>
    <ClInclude Include="src\DK\Events\ApplicationEvent.h">
      <Filter>DK\Events</Filter>
    </ClInclude>
    <ClInclude Include="src\DK\Events\Event.h">
      <Filter>DK\Events</Filter>
    </ClInclude>
    <ClInclude Include="src\DK\Events\KeyEvent.h">
      <Filter>DK\Events</Filter>
    </ClInclude>
    <ClInclude Include="src\DK\Events\MouseEvent.h">
      <Filter>DK\Events</Filter>
    </ClInclude>
  </ItemGroup>
  <ItemGroup>
    <ClCompile Include="src\DK\Application.cpp">
      <Filter>DK</Filter>
    </ClCompile>
    <ClCompile Include="src\DK\Log.cpp">
      <Filter>DK</Filter>
    </ClCompile>
  </ItemGroup>
  <ItemGroup>
    <None Include="cpp.hint" />
  </ItemGroup>
</Project>